
Microsoft Visual Studio Solution File, Format Version 12.00
# Visual Studio Version 16
VisualStudioVersion = 16.0.31105.61
MinimumVisualStudioVersion = 10.0.40219.1
Project("{FAE04EC0-301F-11D3-BF4B-00C04F79EFBC}") = "ClaimsIdentity", "ClaimsIdentity.csproj", "{AE19C32E-15E9-4B90-BA20-A1F796C877B6}"
EndProject
Global
	GlobalSection(SolutionConfigurationPlatforms) = preSolution
		Debug|Any CPU = Debug|Any CPU
		Release|Any CPU = Release|Any CPU
	EndGlobalSection
	GlobalSection(ProjectConfigurationPlatforms) = postSolution
		{AE19C32E-15E9-4B90-BA20-A1F796C877B6}.Debug|Any CPU.ActiveCfg = Debug|Any CPU
		{AE19C32E-15E9-4B90-BA20-A1F796C877B6}.Debug|Any CPU.Build.0 = Debug|Any CPU
		{AE19C32E-15E9-4B90-BA20-A1F796C877B6}.Release|Any CPU.ActiveCfg = Release|Any CPU
		{AE19C32E-15E9-4B90-BA20-A1F796C877B6}.Release|Any CPU.Build.0 = Release|Any CPU
	EndGlobalSection
	GlobalSection(SolutionProperties) = preSolution
		HideSolutionNode = FALSE
	EndGlobalSection
	GlobalSection(ExtensibilityGlobals) = postSolution
		SolutionGuid = {4021033C-DF0B-4ADA-AE03-369E4E19034F}
	EndGlobalSection
EndGlobal
